
Microsoft Visual Studio Solution File, Format Version 12.00
# Visual Studio Version 16
VisualStudioVersion = 16.0.29009.5
MinimumVisualStudioVersion = 10.0.40219.1
Project("{FAE04EC0-301F-11D3-BF4B-00C04F79EFBC}") = "GSB", "GSB.csproj", "{84529CE4-CB8B-44BD-B126-B58E52C4A95B}"
EndProject
Global
	GlobalSection(SolutionConfigurationPlatforms) = preSolution
		Debug|Any CPU = Debug|Any CPU
		Release|Any CPU = Release|Any CPU
	EndGlobalSection
	GlobalSection(ProjectConfigurationPlatforms) = postSolution
		{84529CE4-CB8B-44BD-B126-B58E52C4A95B}.Debug|Any CPU.ActiveCfg = Debug|Any CPU
		{84529CE4-CB8B-44BD-B126-B58E52C4A95B}.Debug|Any CPU.Build.0 = Debug|Any CPU
		{84529CE4-CB8B-44BD-B126-B58E52C4A95B}.Release|Any CPU.ActiveCfg = Release|Any CPU
		{84529CE4-CB8B-44BD-B126-B58E52C4A95B}.Release|Any CPU.Build.0 = Release|Any CPU
	EndGlobalSection
	GlobalSection(SolutionProperties) = preSolution
		HideSolutionNode = FALSE
	EndGlobalSection
	GlobalSection(ExtensibilityGlobals) = postSolution
		SolutionGuid = {CFCE948A-501A-41BF-8AFC-36E8579AB586}
	EndGlobalSection
EndGlobal
